
Microsoft Visual Studio Solution File, Format Version 12.00
# Visual Studio Version 16
VisualStudioVersion = 16.0.30011.22
MinimumVisualStudioVersion = 10.0.40219.1
Project("{FAE04EC0-301F-11D3-BF4B-00C04F79EFBC}") = "UdemySignalR.API", "UdemySignalR.API\UdemySignalR.API.csproj", "{6659498F-1704-40D8-A02B-B846A262DDE7}"
EndProject
Project("{FAE04EC0-301F-11D3-BF4B-00C04F79EFBC}") = "UdemySignalR.Web", "UdemySignalR.Web\UdemySignalR.Web.csproj", "{3F91F0EC-3E1C-4F2A-99BF-BEE16FAED91F}"
EndProject
Project("{FAE04EC0-301F-11D3-BF4B-00C04F79EFBC}") = "CovidChart.API", "CovidChart.API\CovidChart.API.csproj", "{6F3420CA-2871-4EF2-8FE2-92DDFDD13F3F}"
EndProject
Global
	GlobalSection(SolutionConfigurationPlatforms) = preSolution
		Debug|Any CPU = Debug|Any CPU
		Release|Any CPU = Release|Any CPU
	EndGlobalSection
	GlobalSection(ProjectConfigurationPlatforms) = postSolution
		{6659498F-1704-40D8-A02B-B846A262DDE7}.Debug|Any CPU.ActiveCfg = Debug|Any CPU
		{6659498F-1704-40D8-A02B-B846A262DDE7}.Debug|Any CPU.Build.0 = Debug|Any CPU
		{6659498F-1704-40D8-A02B-B846A262DDE7}.Release|Any CPU.ActiveCfg = Release|Any CPU
		{6659498F-1704-40D8-A02B-B846A262DDE7}.Release|Any CPU.Build.0 = Release|Any CPU
		{3F91F0EC-3E1C-4F2A-99BF-BEE16FAED91F}.Debug|Any CPU.ActiveCfg = Debug|Any CPU
		{3F91F0EC-3E1C-4F2A-99BF-BEE16FAED91F}.Debug|Any CPU.Build.0 = Debug|Any CPU
		{3F91F0EC-3E1C-4F2A-99BF-BEE16FAED91F}.Release|Any CPU.ActiveCfg = Release|Any CPU
		{3F91F0EC-3E1C-4F2A-99BF-BEE16FAED91F}.Release|Any CPU.Build.0 = Release|Any CPU
		{6F3420CA-2871-4EF2-8FE2-92DDFDD13F3F}.Debug|Any CPU.ActiveCfg = Debug|Any CPU
		{6F3420CA-2871-4EF2-8FE2-92DDFDD13F3F}.Debug|Any CPU.Build.0 = Debug|Any CPU
		{6F3420CA-2871-4EF2-8FE2-92DDFDD13F3F}.Release|Any CPU.ActiveCfg = Release|Any CPU
		{6F3420CA-2871-4EF2-8FE2-92DDFDD13F3F}.Release|Any CPU.Build.0 = Release|Any CPU
	EndGlobalSection
	GlobalSection(SolutionProperties) = preSolution
		HideSolutionNode = FALSE
	EndGlobalSection
	GlobalSection(ExtensibilityGlobals) = postSolution
		SolutionGuid = {346359D9-C156-44F3-A0DA-82D78D47DCF1}
	EndGlobalSection
EndGlobal
